
Microsoft Visual Studio Solution File, Format Version 12.00
# Visual Studio Version 16
VisualStudioVersion = 16.0.31729.503
MinimumVisualStudioVersion = 10.0.40219.1
Project("{FAE04EC0-301F-11D3-BF4B-00C04F79EFBC}") = "PdfView", "PdfView\PdfView.csproj", "{E40F36EC-DDBF-4784-9B43-3CBB9FAC65F7}"
EndProject
Global
	GlobalSection(SolutionConfigurationPlatforms) = preSolution
		Debug|Any CPU = Debug|Any CPU
		Release|Any CPU = Release|Any CPU
	EndGlobalSection
	GlobalSection(ProjectConfigurationPlatforms) = postSolution
		{E40F36EC-DDBF-4784-9B43-3CBB9FAC65F7}.Debug|Any CPU.ActiveCfg = Debug|Any CPU
		{E40F36EC-DDBF-4784-9B43-3CBB9FAC65F7}.Debug|Any CPU.Build.0 = Debug|Any CPU
		{E40F36EC-DDBF-4784-9B43-3CBB9FAC65F7}.Release|Any CPU.ActiveCfg = Release|Any CPU
		{E40F36EC-DDBF-4784-9B43-3CBB9FAC65F7}.Release|Any CPU.Build.0 = Release|Any CPU
	EndGlobalSection
	GlobalSection(SolutionProperties) = preSolution
		HideSolutionNode = FALSE
	EndGlobalSection
	GlobalSection(ExtensibilityGlobals) = postSolution
		SolutionGuid = {2C0CBD75-CC10-467B-80A1-CA3E30F4578E}
	EndGlobalSection
EndGlobal
